{
  "name": "0x-types-v0",
  "version": "0.8.2",
  "lockfileVersion": 1,
  "requires": true,
  "dependencies": {
    "@0xproject/types": {
      "version": "0.8.2",
      "resolved": "https://registry.npmjs.org/@0xproject/types/-/types-0.8.2.tgz",
      "integrity": "sha1-b5Nrc7+28Be1ECAC2X2giB2pLRs=",
      "requires": {
        "@types/node": "9.6.0",
        "bignumber.js": "~4.1.0"
      }
    },
    "@types/node": {
      "version": "9.6.0",
      "resolved": "http://registry.npmjs.org/@types/node/-/node-9.6.0.tgz",
      "integrity": "sha512-h3YZbOq2+ZoDFI1z8Zx0Ck/xRWkOESVaLdgLdd/c25mMQ1Y2CAkILu9ny5A15S5f32gGcQdaUIZ2jzYr8D7IFg=="
    },
    "bignumber.js": {
      "version": "4.1.0",
      "resolved": "https://registry.npmjs.org/bignumber.js/-/bignumber.js-4.1.0.tgz",
      "integrity": "sha512-eJzYkFYy9L4JzXsbymsFn3p54D+llV27oTQ+ziJG7WFRheJcNZilgVXMG0LoZtlQSKBsJdWtLFqOD0u+U0jZKA=="
    }
  }
}
